
Microsoft Visual Studio Solution File, Format Version 12.00
# Visual Studio Version 17
VisualStudioVersion = 17.7.34018.315
MinimumVisualStudioVersion = 10.0.40219.1
Project("{FAE04EC0-301F-11D3-BF4B-00C04F79EFBC}") = "WebApplication1", "WebApplication1\WebApplication1.csproj", "{F615E283-DB9D-4479-9B20-16E9C3341ADC}"
EndProject
Global
	GlobalSection(SolutionConfigurationPlatforms) = preSolution
		Debug|Any CPU = Debug|Any CPU
		Release|Any CPU = Release|Any CPU
	EndGlobalSection
	GlobalSection(ProjectConfigurationPlatforms) = postSolution
		{F615E283-DB9D-4479-9B20-16E9C3341ADC}.Debug|Any CPU.ActiveCfg = Debug|Any CPU
		{F615E283-DB9D-4479-9B20-16E9C3341ADC}.Debug|Any CPU.Build.0 = Debug|Any CPU
		{F615E283-DB9D-4479-9B20-16E9C3341ADC}.Release|Any CPU.ActiveCfg = Release|Any CPU
		{F615E283-DB9D-4479-9B20-16E9C3341ADC}.Release|Any CPU.Build.0 = Release|Any CPU
	EndGlobalSection
	GlobalSection(SolutionProperties) = preSolution
		HideSolutionNode = FALSE
	EndGlobalSection
	GlobalSection(ExtensibilityGlobals) = postSolution
		SolutionGuid = {468B1D8E-0EB2-4FF7-B830-AABD3D4C2272}
	EndGlobalSection
EndGlobal
